
Microsoft Visual Studio Solution File, Format Version 12.00
# Visual Studio Version 16
VisualStudioVersion = 16.0.31624.102
MinimumVisualStudioVersion = 10.0.40219.1
Project("{FAE04EC0-301F-11D3-BF4B-00C04F79EFBC}") = "ApiAccess", "ApiAccess\ApiAccess.csproj", "{7873DBA4-3B74-4DCB-B98D-B011B1234C6B}"
EndProject
Project("{FAE04EC0-301F-11D3-BF4B-00C04F79EFBC}") = "AppDatabase", "AppDatabase\AppDatabase.csproj", "{7E7D82FA-FF6A-4E9B-BC29-C13D33A29910}"
EndProject
Project("{FAE04EC0-301F-11D3-BF4B-00C04F79EFBC}") = "Services", "Services\Services.csproj", "{04C0BCC4-DCD2-4907-9A95-CAA827E772EE}"
EndProject
Project("{FAE04EC0-301F-11D3-BF4B-00C04F79EFBC}") = "Domain", "Domain\Domain.csproj", "{8A6B7530-5E2D-4B0B-910D-3853D65B31C0}"
EndProject
Project("{FAE04EC0-301F-11D3-BF4B-00C04F79EFBC}") = "UI", "UI\UI.csproj", "{5FBDE0F4-E064-4E0C-905F-9A00E12C534A}"
EndProject
Project("{FAE04EC0-301F-11D3-BF4B-00C04F79EFBC}") = "Views", "Views\Views.csproj", "{3240F5AF-C297-4EF8-871A-AF1331E16872}"
EndProject
Global
	GlobalSection(SolutionConfigurationPlatforms) = preSolution
		Debug|Any CPU = Debug|Any CPU
		Release|Any CPU = Release|Any CPU
	EndGlobalSection
	GlobalSection(ProjectConfigurationPlatforms) = postSolution
		{7873DBA4-3B74-4DCB-B98D-B011B1234C6B}.Debug|Any CPU.ActiveCfg = Debug|Any CPU
		{7873DBA4-3B74-4DCB-B98D-B011B1234C6B}.Debug|Any CPU.Build.0 = Debug|Any CPU
		{7873DBA4-3B74-4DCB-B98D-B011B1234C6B}.Release|Any CPU.ActiveCfg = Release|Any CPU
		{7873DBA4-3B74-4DCB-B98D-B011B1234C6B}.Release|Any CPU.Build.0 = Release|Any CPU
		{7E7D82FA-FF6A-4E9B-BC29-C13D33A29910}.Debug|Any CPU.ActiveCfg = Debug|Any CPU
		{7E7D82FA-FF6A-4E9B-BC29-C13D33A29910}.Debug|Any CPU.Build.0 = Debug|Any CPU
		{7E7D82FA-FF6A-4E9B-BC29-C13D33A29910}.Release|Any CPU.ActiveCfg = Release|Any CPU
		{7E7D82FA-FF6A-4E9B-BC29-C13D33A29910}.Release|Any CPU.Build.0 = Release|Any CPU
		{04C0BCC4-DCD2-4907-9A95-CAA827E772EE}.Debug|Any CPU.ActiveCfg = Debug|Any CPU
		{04C0BCC4-DCD2-4907-9A95-CAA827E772EE}.Debug|Any CPU.Build.0 = Debug|Any CPU
		{04C0BCC4-DCD2-4907-9A95-CAA827E772EE}.Release|Any CPU.ActiveCfg = Release|Any CPU
		{04C0BCC4-DCD2-4907-9A95-CAA827E772EE}.Release|Any CPU.Build.0 = Release|Any CPU
		{8A6B7530-5E2D-4B0B-910D-3853D65B31C0}.Debug|Any CPU.ActiveCfg = Debug|Any CPU
		{8A6B7530-5E2D-4B0B-910D-3853D65B31C0}.Debug|Any CPU.Build.0 = Debug|Any CPU
		{8A6B7530-5E2D-4B0B-910D-3853D65B31C0}.Release|Any CPU.ActiveCfg = Release|Any CPU
		{8A6B7530-5E2D-4B0B-910D-3853D65B31C0}.Release|Any CPU.Build.0 = Release|Any CPU
		{5FBDE0F4-E064-4E0C-905F-9A00E12C534A}.Debug|Any CPU.ActiveCfg = Debug|Any CPU
		{5FBDE0F4-E064-4E0C-905F-9A00E12C534A}.Debug|Any CPU.Build.0 = Debug|Any CPU
		{5FBDE0F4-E064-4E0C-905F-9A00E12C534A}.Release|Any CPU.ActiveCfg = Release|Any CPU
		{5FBDE0F4-E064-4E0C-905F-9A00E12C534A}.Release|Any CPU.Build.0 = Release|Any CPU
		{3240F5AF-C297-4EF8-871A-AF1331E16872}.Debug|Any CPU.ActiveCfg = Debug|Any CPU
		{3240F5AF-C297-4EF8-871A-AF1331E16872}.Debug|Any CPU.Build.0 = Debug|Any CPU
		{3240F5AF-C297-4EF8-871A-AF1331E16872}.Release|Any CPU.ActiveCfg = Release|Any CPU
		{3240F5AF-C297-4EF8-871A-AF1331E16872}.Release|Any CPU.Build.0 = Release|Any CPU
	EndGlobalSection
	GlobalSection(SolutionProperties) = preSolution
		HideSolutionNode = FALSE
	EndGlobalSection
	GlobalSection(ExtensibilityGlobals) = postSolution
		SolutionGuid = {EE9229F5-21C4-4AF1-94A3-B879D72D09FA}
	EndGlobalSection
EndGlobal
